// !$*UTF8*$!
{
	archiveVersion = 1;
	classes = {
	};
	objectVersion = 50;
	objects = {

/* Begin PBXBuildFile section */
		69002AE023CF48B000B1C577 /* CustomTextField.swift in Sources */ = {isa = PBXBuildFile; fileRef = 69002ADF23CF48B000B1C577 /* CustomTextField.swift */; };
		690BDB6423DBA22800E1E63D /* ItemDetailViewController.swift in Sources */ = {isa = PBXBuildFile; fileRef = 690BDB6323DBA22800E1E63D /* ItemDetailViewController.swift */; };
		690EB95723D9AB4A0038320C /* TitleCell.swift in Sources */ = {isa = PBXBuildFile; fileRef = 690EB95623D9AB4A0038320C /* TitleCell.swift */; };
		6912170F23DF010100E4D643 /* ImageCell.swift in Sources */ = {isa = PBXBuildFile; fileRef = 6912170E23DF010100E4D643 /* ImageCell.swift */; };
		6912171123DF1FB500E4D643 /* DetailInfoCell.swift in Sources */ = {isa = PBXBuildFile; fileRef = 6912171023DF1FB500E4D643 /* DetailInfoCell.swift */; };
		6912171323DF269600E4D643 /* DetailButtonCell.swift in Sources */ = {isa = PBXBuildFile; fileRef = 6912171223DF269600E4D643 /* DetailButtonCell.swift */; };
		6943187023D5D121002A673A /* DetailedCell.swift in Sources */ = {isa = PBXBuildFile; fileRef = 6943186F23D5D121002A673A /* DetailedCell.swift */; };
		694E2A0725838BD6005D96B4 /* CategoryViewModel.swift in Sources */ = {isa = PBXBuildFile; fileRef = 694E2A0625838BD6005D96B4 /* CategoryViewModel.swift */; };
		694E2A0B25838CD3005D96B4 /* ItemViewModel.swift in Sources */ = {isa = PBXBuildFile; fileRef = 694E2A0A25838CD3005D96B4 /* ItemViewModel.swift */; };
		6953795223D6346D00BA5F2F /* PopoverLabel.swift in Sources */ = {isa = PBXBuildFile; fileRef = 6953795123D6346D00BA5F2F /* PopoverLabel.swift */; };
		6953795423D63E1200BA5F2F /* SelectIconViewController.swift in Sources */ = {isa = PBXBuildFile; fileRef = 6953795323D63E1200BA5F2F /* SelectIconViewController.swift */; };
		695461BE257FEE0F007908B5 /* CoreDataManager.swift in Sources */ = {isa = PBXBuildFile; fileRef = 695461BD257FEE0F007908B5 /* CoreDataManager.swift */; };
		695461C6257FFF46007908B5 /* HomeListViewModel.swift in Sources */ = {isa = PBXBuildFile; fileRef = 695461C5257FFF46007908B5 /* HomeListViewModel.swift */; };
		6958BD682581240F004627E6 /* SelectCellListViewModel.swift in Sources */ = {isa = PBXBuildFile; fileRef = 6958BD672581240F004627E6 /* SelectCellListViewModel.swift */; };
		696B190523EDB75F00848383 /* UIImage+resizeImage.swift in Sources */ = {isa = PBXBuildFile; fileRef = 696B190423EDB75F00848383 /* UIImage+resizeImage.swift */; };
		696B190723EDB92E00848383 /* UIViewController+pushToCategoryItemVC.swift in Sources */ = {isa = PBXBuildFile; fileRef = 696B190623EDB92E00848383 /* UIViewController+pushToCategoryItemVC.swift */; };
		696B190923EDB99100848383 /* UIView+getCurrentViewController.swift in Sources */ = {isa = PBXBuildFile; fileRef = 696B190823EDB99100848383 /* UIView+getCurrentViewController.swift */; };
		6972A893257FCD7B00F6537C /* HomeViewController.swift in Sources */ = {isa = PBXBuildFile; fileRef = 6972A892257FCD7B00F6537C /* HomeViewController.swift */; };
		6972A89D257FCEE900F6537C /* Color.swift in Sources */ = {isa = PBXBuildFile; fileRef = 6972A89C257FCEE900F6537C /* Color.swift */; };
		6972A8A1257FCF1300F6537C /* Margins.swift in Sources */ = {isa = PBXBuildFile; fileRef = 6972A8A0257FCF1300F6537C /* Margins.swift */; };
		6972A8A4257FCF2900F6537C /* Font.swift in Sources */ = {isa = PBXBuildFile; fileRef = 6972A8A3257FCF2900F6537C /* Font.swift */; };
		6972A8A8257FCF5800F6537C /* ReuseIdentifier.swift in Sources */ = {isa = PBXBuildFile; fileRef = 6972A8A7257FCF5800F6537C /* ReuseIdentifier.swift */; };
		6972A8AB257FCF7A00F6537C /* Border.swift in Sources */ = {isa = PBXBuildFile; fileRef = 6972A8AA257FCF7A00F6537C /* Border.swift */; };
		6972A8AE257FCFA400F6537C /* Popovertype.swift in Sources */ = {isa = PBXBuildFile; fileRef = 6972A8AD257FCFA400F6537C /* Popovertype.swift */; };
		6972A8B3257FD0BB00F6537C /* DataBase.xcdatamodeld in Sources */ = {isa = PBXBuildFile; fileRef = 6972A8B1257FD0BB00F6537C /* DataBase.xcdatamodeld */; };
		6972A8C4257FEB5100F6537C /* Category+CoreDataClass.swift in Sources */ = {isa = PBXBuildFile; fileRef = 6972A8C0257FEB5100F6537C /* Category+CoreDataClass.swift */; };
		6972A8C5257FEB5100F6537C /* Category+CoreDataProperties.swift in Sources */ = {isa = PBXBuildFile; fileRef = 6972A8C1257FEB5100F6537C /* Category+CoreDataProperties.swift */; };
		6972A8C6257FEB5100F6537C /* Item+CoreDataClass.swift in Sources */ = {isa = PBXBuildFile; fileRef = 6972A8C2257FEB5100F6537C /* Item+CoreDataClass.swift */; };
		6972A8C7257FEB5100F6537C /* Item+CoreDataProperties.swift in Sources */ = {isa = PBXBuildFile; fileRef = 6972A8C3257FEB5100F6537C /* Item+CoreDataProperties.swift */; };
		697A853F23CF529F00ACC35C /* CustomButton.swift in Sources */ = {isa = PBXBuildFile; fileRef = 697A853E23CF529F00ACC35C /* CustomButton.swift */; };
		697D232F23D1F4F300F9C2C7 /* CategoryCell.swift in Sources */ = {isa = PBXBuildFile; fileRef = 697D232E23D1F4F300F9C2C7 /* CategoryCell.swift */; };
		697D233123D1FD0D00F9C2C7 /* CollectionHeaderView.swift in Sources */ = {isa = PBXBuildFile; fileRef = 697D233023D1FD0D00F9C2C7 /* CollectionHeaderView.swift */; };
		698223B1258224F700C632AD /* ItemListViewModel.swift in Sources */ = {isa = PBXBuildFile; fileRef = 698223B0258224F700C632AD /* ItemListViewModel.swift */; };
		699B529823CE145300EAFE33 /* AppDelegate.swift in Sources */ = {isa = PBXBuildFile; fileRef = 699B529723CE145300EAFE33 /* AppDelegate.swift */; };
		699B529A23CE145300EAFE33 /* SceneDelegate.swift in Sources */ = {isa = PBXBuildFile; fileRef = 699B529923CE145300EAFE33 /* SceneDelegate.swift */; };
		699B52A123CE145400EAFE33 /* Assets.xcassets in Resources */ = {isa = PBXBuildFile; fileRef = 699B52A023CE145400EAFE33 /* Assets.xcassets */; };
		699B52A423CE145400EAFE33 /* LaunchScreen.storyboard in Resources */ = {isa = PBXBuildFile; fileRef = 699B52A223CE145400EAFE33 /* LaunchScreen.storyboard */; };
		699B52AC23CE14B300EAFE33 /* DeviceWidth.swift in Sources */ = {isa = PBXBuildFile; fileRef = 699B52AB23CE14B200EAFE33 /* DeviceWidth.swift */; };
		69A079F323D7412F00E2A8F7 /* SelectCellTypeViewController.swift in Sources */ = {isa = PBXBuildFile; fileRef = 69A079F223D7412F00E2A8F7 /* SelectCellTypeViewController.swift */; };
		69B0D49425828C3700380A32 /* DetailedPopOverViewController.swift in Sources */ = {isa = PBXBuildFile; fileRef = 69B0D49325828C3700380A32 /* DetailedPopOverViewController.swift */; };
		69B919C62580D80500760332 /* CategoryPopOverViewController.swift in Sources */ = {isa = PBXBuildFile; fileRef = 69B919C52580D80500760332 /* CategoryPopOverViewController.swift */; };
		69B919CD2581069A00760332 /* SelectIconViewModel.swift in Sources */ = {isa = PBXBuildFile; fileRef = 69B919CC2581069A00760332 /* SelectIconViewModel.swift */; };
		69B919D025810A1600760332 /* Images.swift in Sources */ = {isa = PBXBuildFile; fileRef = 69B919CF25810A1600760332 /* Images.swift */; };
		69C5F6D023D739F7003348E1 /* SelectIconCell.swift in Sources */ = {isa = PBXBuildFile; fileRef = 69C5F6CF23D739F7003348E1 /* SelectIconCell.swift */; };
		69CC404023D5EBBE00F25E5C /* ItemsViewController.swift in Sources */ = {isa = PBXBuildFile; fileRef = 69CC403F23D5EBBE00F25E5C /* ItemsViewController.swift */; };
		69CC404223D5ECBB00F25E5C /* AddButton.swift in Sources */ = {isa = PBXBuildFile; fileRef = 69CC404123D5ECBB00F25E5C /* AddButton.swift */; };
		69D010B223D8AE7600DC20C9 /* EmptyCell.swift in Sources */ = {isa = PBXBuildFile; fileRef = 69D010B123D8AE7600DC20C9 /* EmptyCell.swift */; };
		69D4CF6125827E5900E38770 /* StandardPopOverViewController.swift in Sources */ = {isa = PBXBuildFile; fileRef = 69D4CF6025827E5900E38770 /* StandardPopOverViewController.swift */; };
/* End PBXBuildFile section */

/* Begin PBXFileReference section */
		69002ADF23CF48B000B1C577 /* CustomTextField.swift */ = {isa = PBXFileReference; fileEncoding = 4; lastKnownFileType = sourcecode.swift; path = CustomTextField.swift; sourceTree = "<group>"; };
		690BDB6323DBA22800E1E63D /* ItemDetailViewController.swift */ = {isa = PBXFileReference; lastKnownFileType = sourcecode.swift; path = ItemDetailViewController.swift; sourceTree = "<group>"; };
		690EB95623D9AB4A0038320C /* TitleCell.swift */ = {isa = PBXFileReference; lastKnownFileType = sourcecode.swift; path = TitleCell.swift; sourceTree = "<group>"; };
		6912170E23DF010100E4D643 /* ImageCell.swift */ = {isa = PBXFileReference; lastKnownFileType = sourcecode.swift; path = ImageCell.swift; sourceTree = "<group>"; };
		6912171023DF1FB500E4D643 /* DetailInfoCell.swift */ = {isa = PBXFileReference; lastKnownFileType = sourcecode.swift; path = DetailInfoCell.swift; sourceTree = "<group>"; };
		6912171223DF269600E4D643 /* DetailButtonCell.swift */ = {isa = PBXFileReference; lastKnownFileType = sourcecode.swift; path = DetailButtonCell.swift; sourceTree = "<group>"; };
		6943186F23D5D121002A673A /* DetailedCell.swift */ = {isa = PBXFileReference; fileEncoding = 4; lastKnownFileType = sourcecode.swift; path = DetailedCell.swift; sourceTree = "<group>"; };
		694E2A0625838BD6005D96B4 /* CategoryViewModel.swift */ = {isa = PBXFileReference; lastKnownFileType = sourcecode.swift; path = CategoryViewModel.swift; sourceTree = "<group>"; };
		694E2A0A25838CD3005D96B4 /* ItemViewModel.swift */ = {isa = PBXFileReference; lastKnownFileType = sourcecode.swift; path = ItemViewModel.swift; sourceTree = "<group>"; };
		6953795123D6346D00BA5F2F /* PopoverLabel.swift */ = {isa = PBXFileReference; lastKnownFileType = sourcecode.swift; path = PopoverLabel.swift; sourceTree = "<group>"; };
		6953795323D63E1200BA5F2F /* SelectIconViewController.swift */ = {isa = PBXFileReference; lastKnownFileType = sourcecode.swift; path = SelectIconViewController.swift; sourceTree = "<group>"; };
		695461BD257FEE0F007908B5 /* CoreDataManager.swift */ = {isa = PBXFileReference; lastKnownFileType = sourcecode.swift; path = CoreDataManager.swift; sourceTree = "<group>"; };
		695461C5257FFF46007908B5 /* HomeListViewModel.swift */ = {isa = PBXFileReference; lastKnownFileType = sourcecode.swift; path = HomeListViewModel.swift; sourceTree = "<group>"; };
		6958BD672581240F004627E6 /* SelectCellListViewModel.swift */ = {isa = PBXFileReference; lastKnownFileType = sourcecode.swift; path = SelectCellListViewModel.swift; sourceTree = "<group>"; };
		696B190423EDB75F00848383 /* UIImage+resizeImage.swift */ = {isa = PBXFileReference; lastKnownFileType = sourcecode.swift; path = "UIImage+resizeImage.swift"; sourceTree = "<group>"; };
		696B190623EDB92E00848383 /* UIViewController+pushToCategoryItemVC.swift */ = {isa = PBXFileReference; lastKnownFileType = sourcecode.swift; path = "UIViewController+pushToCategoryItemVC.swift"; sourceTree = "<group>"; };
		696B190823EDB99100848383 /* UIView+getCurrentViewController.swift */ = {isa = PBXFileReference; lastKnownFileType = sourcecode.swift; path = "UIView+getCurrentViewController.swift"; sourceTree = "<group>"; };
		6972A892257FCD7B00F6537C /* HomeViewController.swift */ = {isa = PBXFileReference; fileEncoding = 4; lastKnownFileType = sourcecode.swift; path = HomeViewController.swift; sourceTree = "<group>"; };
		6972A89C257FCEE900F6537C /* Color.swift */ = {isa = PBXFileReference; lastKnownFileType = sourcecode.swift; path = Color.swift; sourceTree = "<group>"; };
		6972A8A0257FCF1300F6537C /* Margins.swift */ = {isa = PBXFileReference; lastKnownFileType = sourcecode.swift; path = Margins.swift; sourceTree = "<group>"; };
		6972A8A3257FCF2900F6537C /* Font.swift */ = {isa = PBXFileReference; lastKnownFileType = sourcecode.swift; path = Font.swift; sourceTree = "<group>"; };
		6972A8A7257FCF5800F6537C /* ReuseIdentifier.swift */ = {isa = PBXFileReference; lastKnownFileType = sourcecode.swift; path = ReuseIdentifier.swift; sourceTree = "<group>"; };
		6972A8AA257FCF7A00F6537C /* Border.swift */ = {isa = PBXFileReference; lastKnownFileType = sourcecode.swift; path = Border.swift; sourceTree = "<group>"; };
		6972A8AD257FCFA400F6537C /* Popovertype.swift */ = {isa = PBXFileReference; lastKnownFileType = sourcecode.swift; path = Popovertype.swift; sourceTree = "<group>"; };
		6972A8B2257FD0BB00F6537C /* DataBase.xcdatamodel */ = {isa = PBXFileReference; lastKnownFileType = wrapper.xcdatamodel; path = DataBase.xcdatamodel; sourceTree = "<group>"; };
		6972A8C0257FEB5100F6537C /* Category+CoreDataClass.swift */ = {isa = PBXFileReference; lastKnownFileType = sourcecode.swift; path = "Category+CoreDataClass.swift"; sourceTree = "<group>"; };
		6972A8C1257FEB5100F6537C /* Category+CoreDataProperties.swift */ = {isa = PBXFileReference; lastKnownFileType = sourcecode.swift; path = "Category+CoreDataProperties.swift"; sourceTree = "<group>"; };
		6972A8C2257FEB5100F6537C /* Item+CoreDataClass.swift */ = {isa = PBXFileReference; lastKnownFileType = sourcecode.swift; path = "Item+CoreDataClass.swift"; sourceTree = "<group>"; };
		6972A8C3257FEB5100F6537C /* Item+CoreDataProperties.swift */ = {isa = PBXFileReference; lastKnownFileType = sourcecode.swift; path = "Item+CoreDataProperties.swift"; sourceTree = "<group>"; };
		697A853E23CF529F00ACC35C /* CustomButton.swift */ = {isa = PBXFileReference; lastKnownFileType = sourcecode.swift; path = CustomButton.swift; sourceTree = "<group>"; };
		697D232E23D1F4F300F9C2C7 /* CategoryCell.swift */ = {isa = PBXFileReference; lastKnownFileType = sourcecode.swift; path = CategoryCell.swift; sourceTree = "<group>"; };
		697D233023D1FD0D00F9C2C7 /* CollectionHeaderView.swift */ = {isa = PBXFileReference; lastKnownFileType = sourcecode.swift; path = CollectionHeaderView.swift; sourceTree = "<group>"; };
		698223B0258224F700C632AD /* ItemListViewModel.swift */ = {isa = PBXFileReference; lastKnownFileType = sourcecode.swift; path = ItemListViewModel.swift; sourceTree = "<group>"; };
		699B529423CE145300EAFE33 /* Organizer.app */ = {isa = PBXFileReference; explicitFileType = wrapper.application; includeInIndex = 0; path = Organizer.app; sourceTree = BUILT_PRODUCTS_DIR; };
		699B529723CE145300EAFE33 /* AppDelegate.swift */ = {isa = PBXFileReference; lastKnownFileType = sourcecode.swift; path = AppDelegate.swift; sourceTree = "<group>"; };
		699B529923CE145300EAFE33 /* SceneDelegate.swift */ = {isa = PBXFileReference; lastKnownFileType = sourcecode.swift; path = SceneDelegate.swift; sourceTree = "<group>"; };
		699B52A023CE145400EAFE33 /* Assets.xcassets */ = {isa = PBXFileReference; lastKnownFileType = folder.assetcatalog; path = Assets.xcassets; sourceTree = "<group>"; };
		699B52A323CE145400EAFE33 /* Base */ = {isa = PBXFileReference; lastKnownFileType = file.storyboard; name = Base; path = Base.lproj/LaunchScreen.storyboard; sourceTree = "<group>"; };
		699B52A523CE145400EAFE33 /* Info.plist */ = {isa = PBXFileReference; lastKnownFileType = text.plist.xml; path = Info.plist; sourceTree = "<group>"; };
		699B52AB23CE14B200EAFE33 /* DeviceWidth.swift */ = {isa = PBXFileReference; lastKnownFileType = sourcecode.swift; path = DeviceWidth.swift; sourceTree = "<group>"; };
		69A079F223D7412F00E2A8F7 /* SelectCellTypeViewController.swift */ = {isa = PBXFileReference; lastKnownFileType = sourcecode.swift; path = SelectCellTypeViewController.swift; sourceTree = "<group>"; };
		69B0D49325828C3700380A32 /* DetailedPopOverViewController.swift */ = {isa = PBXFileReference; lastKnownFileType = sourcecode.swift; path = DetailedPopOverViewController.swift; sourceTree = "<group>"; };
		69B919C52580D80500760332 /* CategoryPopOverViewController.swift */ = {isa = PBXFileReference; lastKnownFileType = sourcecode.swift; path = CategoryPopOverViewController.swift; sourceTree = "<group>"; };
		69B919CC2581069A00760332 /* SelectIconViewModel.swift */ = {isa = PBXFileReference; lastKnownFileType = sourcecode.swift; path = SelectIconViewModel.swift; sourceTree = "<group>"; };
		69B919CF25810A1600760332 /* Images.swift */ = {isa = PBXFileReference; lastKnownFileType = sourcecode.swift; path = Images.swift; sourceTree = "<group>"; };
		69C5F6CF23D739F7003348E1 /* SelectIconCell.swift */ = {isa = PBXFileReference; lastKnownFileType = sourcecode.swift; path = SelectIconCell.swift; sourceTree = "<group>"; };
		69CC403F23D5EBBE00F25E5C /* ItemsViewController.swift */ = {isa = PBXFileReference; lastKnownFileType = sourcecode.swift; path = ItemsViewController.swift; sourceTree = "<group>"; };
		69CC404123D5ECBB00F25E5C /* AddButton.swift */ = {isa = PBXFileReference; lastKnownFileType = sourcecode.swift; path = AddButton.swift; sourceTree = "<group>"; };
		69D010B123D8AE7600DC20C9 /* EmptyCell.swift */ = {isa = PBXFileReference; lastKnownFileType = sourcecode.swift; path = EmptyCell.swift; sourceTree = "<group>"; };
		69D4CF6025827E5900E38770 /* StandardPopOverViewController.swift */ = {isa = PBXFileReference; lastKnownFileType = sourcecode.swift; path = StandardPopOverViewController.swift; sourceTree = "<group>"; };
/* End PBXFileReference section */

/* Begin PBXFrameworksBuildPhase section */
		699B529123CE145300EAFE33 /* Frameworks */ = {
			isa = PBXFrameworksBuildPhase;
			buildActionMask = 2147483647;
			files = (
			);
			runOnlyForDeploymentPostprocessing = 0;
		};
/* End PBXFrameworksBuildPhase section */

/* Begin PBXGroup section */
		69002AE123CF48B700B1C577 /* Views */ = {
			isa = PBXGroup;
			children = (
				6953795023D6345300BA5F2F /* Labels */,
				6943186C23D5D0B8002A673A /* TextFields */,
				6912170D23DF00A900E4D643 /* TableViewCells */,
				6943186E23D5D0D3002A673A /* CollectionViewCells */,
				6943186D23D5D0C1002A673A /* Buttons */,
				691B6AAD23D7BCAC00D36799 /* Headers */,
			);
			path = Views;
			sourceTree = "<group>";
		};
		6912170D23DF00A900E4D643 /* TableViewCells */ = {
			isa = PBXGroup;
			children = (
				6912170E23DF010100E4D643 /* ImageCell.swift */,
				6912171023DF1FB500E4D643 /* DetailInfoCell.swift */,
				6912171223DF269600E4D643 /* DetailButtonCell.swift */,
			);
			path = TableViewCells;
			sourceTree = "<group>";
		};
		691B6AAD23D7BCAC00D36799 /* Headers */ = {
			isa = PBXGroup;
			children = (
				697D233023D1FD0D00F9C2C7 /* CollectionHeaderView.swift */,
			);
			path = Headers;
			sourceTree = "<group>";
		};
		6943186C23D5D0B8002A673A /* TextFields */ = {
			isa = PBXGroup;
			children = (
				69002ADF23CF48B000B1C577 /* CustomTextField.swift */,
			);
			path = TextFields;
			sourceTree = "<group>";
		};
		6943186D23D5D0C1002A673A /* Buttons */ = {
			isa = PBXGroup;
			children = (
				697A853E23CF529F00ACC35C /* CustomButton.swift */,
				69CC404123D5ECBB00F25E5C /* AddButton.swift */,
			);
			path = Buttons;
			sourceTree = "<group>";
		};
		6943186E23D5D0D3002A673A /* CollectionViewCells */ = {
			isa = PBXGroup;
			children = (
				697D232E23D1F4F300F9C2C7 /* CategoryCell.swift */,
				69D010B123D8AE7600DC20C9 /* EmptyCell.swift */,
				6943186F23D5D121002A673A /* DetailedCell.swift */,
				69C5F6CF23D739F7003348E1 /* SelectIconCell.swift */,
				690EB95623D9AB4A0038320C /* TitleCell.swift */,
			);
			path = CollectionViewCells;
			sourceTree = "<group>";
		};
		6953795023D6345300BA5F2F /* Labels */ = {
			isa = PBXGroup;
			children = (
				6953795123D6346D00BA5F2F /* PopoverLabel.swift */,
			);
			path = Labels;
			sourceTree = "<group>";
		};
		696B190323EDB73100848383 /* Extensions */ = {
			isa = PBXGroup;
			children = (
				696B190423EDB75F00848383 /* UIImage+resizeImage.swift */,
				696B190623EDB92E00848383 /* UIViewController+pushToCategoryItemVC.swift */,
				696B190823EDB99100848383 /* UIView+getCurrentViewController.swift */,
			);
			path = Extensions;
			sourceTree = "<group>";
		};
		6972A887257FCCF400F6537C /* Supporting Files */ = {
			isa = PBXGroup;
			children = (
				699B52A523CE145400EAFE33 /* Info.plist */,
			);
			path = "Supporting Files";
			sourceTree = "<group>";
		};
		6972A888257FCCFF00F6537C /* Resources */ = {
			isa = PBXGroup;
			children = (
				699B52A023CE145400EAFE33 /* Assets.xcassets */,
			);
			path = Resources;
			sourceTree = "<group>";
		};
		6972A88A257FCD2100F6537C /* Classes */ = {
			isa = PBXGroup;
			children = (
				6982239F2582172800C632AD /* Home Category */,
				698223A02582173600C632AD /* Items List */,
				698223A22582178500C632AD /* Item Detail */,
				698223A12582176700C632AD /* Popover */,
				6972A8A6257FCF4700F6537C /* Constants */,
				6972A89B257FCED000F6537C /* Design Scheme */,
				6972A899257FCE6100F6537C /* CoreData */,
				69002AE123CF48B700B1C577 /* Views */,
				6972A88B257FCD2A00F6537C /* Application */,
				6972A897257FCDF800F6537C /* StoryBoards */,
			);
			path = Classes;
			sourceTree = "<group>";
		};
		6972A88B257FCD2A00F6537C /* Application */ = {
			isa = PBXGroup;
			children = (
				699B529723CE145300EAFE33 /* AppDelegate.swift */,
				699B529923CE145300EAFE33 /* SceneDelegate.swift */,
			);
			path = Application;
			sourceTree = "<group>";
		};
		6972A897257FCDF800F6537C /* StoryBoards */ = {
			isa = PBXGroup;
			children = (
				699B52A223CE145400EAFE33 /* LaunchScreen.storyboard */,
			);
			path = StoryBoards;
			sourceTree = "<group>";
		};
		6972A899257FCE6100F6537C /* CoreData */ = {
			isa = PBXGroup;
			children = (
				695461BD257FEE0F007908B5 /* CoreDataManager.swift */,
				698223A82582180000C632AD /* Model */,
				6972A8B1257FD0BB00F6537C /* DataBase.xcdatamodeld */,
			);
			path = CoreData;
			sourceTree = "<group>";
		};
		6972A89B257FCED000F6537C /* Design Scheme */ = {
			isa = PBXGroup;
			children = (
				6972A8A3257FCF2900F6537C /* Font.swift */,
				6972A8A0257FCF1300F6537C /* Margins.swift */,
				6972A89C257FCEE900F6537C /* Color.swift */,
				6972A8AA257FCF7A00F6537C /* Border.swift */,
				69B919CF25810A1600760332 /* Images.swift */,
			);
			path = "Design Scheme";
			sourceTree = "<group>";
		};
		6972A8A6257FCF4700F6537C /* Constants */ = {
			isa = PBXGroup;
			children = (
				6972A8A7257FCF5800F6537C /* ReuseIdentifier.swift */,
				6972A8AD257FCFA400F6537C /* Popovertype.swift */,
				699B52AB23CE14B200EAFE33 /* DeviceWidth.swift */,
			);
			path = Constants;
			sourceTree = "<group>";
		};
		6982239F2582172800C632AD /* Home Category */ = {
			isa = PBXGroup;
			children = (
				698223A4258217B100C632AD /* View Models */,
				698223A3258217A600C632AD /* Controllers */,
			);
			path = "Home Category";
			sourceTree = "<group>";
		};
		698223A02582173600C632AD /* Items List */ = {
			isa = PBXGroup;
			children = (
				698223AF258224C600C632AD /* View Models */,
				698223A5258217C200C632AD /* Controllers */,
			);
			path = "Items List";
			sourceTree = "<group>";
		};
		698223A12582176700C632AD /* Popover */ = {
			isa = PBXGroup;
			children = (
				698223A6258217CE00C632AD /* Controllers */,
			);
			path = Popover;
			sourceTree = "<group>";
		};
		698223A22582178500C632AD /* Item Detail */ = {
			isa = PBXGroup;
			children = (
				698223A7258217D900C632AD /* Controllers */,
			);
			path = "Item Detail";
			sourceTree = "<group>";
		};
		698223A3258217A600C632AD /* Controllers */ = {
			isa = PBXGroup;
			children = (
				6972A892257FCD7B00F6537C /* HomeViewController.swift */,
				6953795323D63E1200BA5F2F /* SelectIconViewController.swift */,
				69A079F223D7412F00E2A8F7 /* SelectCellTypeViewController.swift */,
			);
			path = Controllers;
			sourceTree = "<group>";
		};
		698223A4258217B100C632AD /* View Models */ = {
			isa = PBXGroup;
			children = (
				69B919CC2581069A00760332 /* SelectIconViewModel.swift */,
				6958BD672581240F004627E6 /* SelectCellListViewModel.swift */,
				695461C5257FFF46007908B5 /* HomeListViewModel.swift */,
				694E2A0625838BD6005D96B4 /* CategoryViewModel.swift */,
			);
			path = "View Models";
			sourceTree = "<group>";
		};
		698223A5258217C200C632AD /* Controllers */ = {
			isa = PBXGroup;
			children = (
				69CC403F23D5EBBE00F25E5C /* ItemsViewController.swift */,
			);
			path = Controllers;
			sourceTree = "<group>";
		};
		698223A6258217CE00C632AD /* Controllers */ = {
			isa = PBXGroup;
			children = (
				69B919C52580D80500760332 /* CategoryPopOverViewController.swift */,
				69D4CF6025827E5900E38770 /* StandardPopOverViewController.swift */,
				69B0D49325828C3700380A32 /* DetailedPopOverViewController.swift */,
			);
			path = Controllers;
			sourceTree = "<group>";
		};
		698223A7258217D900C632AD /* Controllers */ = {
			isa = PBXGroup;
			children = (
				690BDB6323DBA22800E1E63D /* ItemDetailViewController.swift */,
			);
			path = Controllers;
			sourceTree = "<group>";
		};
		698223A82582180000C632AD /* Model */ = {
			isa = PBXGroup;
			children = (
				6972A8C0257FEB5100F6537C /* Category+CoreDataClass.swift */,
				6972A8C1257FEB5100F6537C /* Category+CoreDataProperties.swift */,
				6972A8C2257FEB5100F6537C /* Item+CoreDataClass.swift */,
				6972A8C3257FEB5100F6537C /* Item+CoreDataProperties.swift */,
			);
			path = Model;
			sourceTree = "<group>";
		};
		698223AF258224C600C632AD /* View Models */ = {
			isa = PBXGroup;
			children = (
				698223B0258224F700C632AD /* ItemListViewModel.swift */,
				694E2A0A25838CD3005D96B4 /* ItemViewModel.swift */,
			);
			path = "View Models";
			sourceTree = "<group>";
		};
		699B528B23CE145300EAFE33 = {
			isa = PBXGroup;
			children = (
				699B529623CE145300EAFE33 /* Organizer */,
				699B529523CE145300EAFE33 /* Products */,
			);
			sourceTree = "<group>";
		};
		699B529523CE145300EAFE33 /* Products */ = {
			isa = PBXGroup;
			children = (
				699B529423CE145300EAFE33 /* Organizer.app */,
			);
			name = Products;
			sourceTree = "<group>";
		};
		699B529623CE145300EAFE33 /* Organizer */ = {
			isa = PBXGroup;
			children = (
				6972A88A257FCD2100F6537C /* Classes */,
				696B190323EDB73100848383 /* Extensions */,
				6972A888257FCCFF00F6537C /* Resources */,
				6972A887257FCCF400F6537C /* Supporting Files */,
			);
			path = Organizer;
			sourceTree = "<group>";
		};
/* End PBXGroup section */

/* Begin PBXNativeTarget section */
		699B529323CE145300EAFE33 /* Organizer */ = {
			isa = PBXNativeTarget;
			buildConfigurationList = 699B52A823CE145400EAFE33 /* Build configuration list for PBXNativeTarget "Organizer" */;
			buildPhases = (
				699B529023CE145300EAFE33 /* Sources */,
				699B529123CE145300EAFE33 /* Frameworks */,
				699B529223CE145300EAFE33 /* Resources */,
			);
			buildRules = (
			);
			dependencies = (
			);
			name = Organizer;
			productName = Organizer;
			productReference = 699B529423CE145300EAFE33 /* Organizer.app */;
			productType = "com.apple.product-type.application";
		};
/* End PBXNativeTarget section */

/* Begin PBXProject section */
		699B528C23CE145300EAFE33 /* Project object */ = {
			isa = PBXProject;
			attributes = {
				LastSwiftUpdateCheck = 1120;
				LastUpgradeCheck = 1120;
				ORGANIZATIONNAME = "Olivier Miserez";
				TargetAttributes = {
					699B529323CE145300EAFE33 = {
						CreatedOnToolsVersion = 11.2.1;
					};
				};
			};
			buildConfigurationList = 699B528F23CE145300EAFE33 /* Build configuration list for PBXProject "Organizer" */;
			compatibilityVersion = "Xcode 9.3";
			developmentRegion = en;
			hasScannedForEncodings = 0;
			knownRegions = (
				en,
				Base,
			);
			mainGroup = 699B528B23CE145300EAFE33;
			productRefGroup = 699B529523CE145300EAFE33 /* Products */;
			projectDirPath = "";
			projectRoot = "";
			targets = (
				699B529323CE145300EAFE33 /* Organizer */,
			);
		};
/* End PBXProject section */

/* Begin PBXResourcesBuildPhase section */
		699B529223CE145300EAFE33 /* Resources */ = {
			isa = PBXResourcesBuildPhase;
			buildActionMask = 2147483647;
			files = (
				699B52A423CE145400EAFE33 /* LaunchScreen.storyboard in Resources */,
				699B52A123CE145400EAFE33 /* Assets.xcassets in Resources */,
			);
			runOnlyForDeploymentPostprocessing = 0;
		};
/* End PBXResourcesBuildPhase section */

/* Begin PBXSourcesBuildPhase section */
		699B529023CE145300EAFE33 /* Sources */ = {
			isa = PBXSourcesBuildPhase;
			buildActionMask = 2147483647;
			files = (
				696B190723EDB92E00848383 /* UIViewController+pushToCategoryItemVC.swift in Sources */,
				69A079F323D7412F00E2A8F7 /* SelectCellTypeViewController.swift in Sources */,
				69B0D49425828C3700380A32 /* DetailedPopOverViewController.swift in Sources */,
				69B919CD2581069A00760332 /* SelectIconViewModel.swift in Sources */,
				6972A8A4257FCF2900F6537C /* Font.swift in Sources */,
				6972A89D257FCEE900F6537C /* Color.swift in Sources */,
				696B190523EDB75F00848383 /* UIImage+resizeImage.swift in Sources */,
				694E2A0725838BD6005D96B4 /* CategoryViewModel.swift in Sources */,
				6972A8B3257FD0BB00F6537C /* DataBase.xcdatamodeld in Sources */,
				698223B1258224F700C632AD /* ItemListViewModel.swift in Sources */,
				69CC404023D5EBBE00F25E5C /* ItemsViewController.swift in Sources */,
				69D4CF6125827E5900E38770 /* StandardPopOverViewController.swift in Sources */,
				6972A8A8257FCF5800F6537C /* ReuseIdentifier.swift in Sources */,
				69B919D025810A1600760332 /* Images.swift in Sources */,
				6972A8AE257FCFA400F6537C /* Popovertype.swift in Sources */,
				69CC404223D5ECBB00F25E5C /* AddButton.swift in Sources */,
				699B529823CE145300EAFE33 /* AppDelegate.swift in Sources */,
				6912171123DF1FB500E4D643 /* DetailInfoCell.swift in Sources */,
				6953795423D63E1200BA5F2F /* SelectIconViewController.swift in Sources */,
				696B190923EDB99100848383 /* UIView+getCurrentViewController.swift in Sources */,
				6972A8A1257FCF1300F6537C /* Margins.swift in Sources */,
				697A853F23CF529F00ACC35C /* CustomButton.swift in Sources */,
				699B52AC23CE14B300EAFE33 /* DeviceWidth.swift in Sources */,
				6958BD682581240F004627E6 /* SelectCellListViewModel.swift in Sources */,
				690BDB6423DBA22800E1E63D /* ItemDetailViewController.swift in Sources */,
				6912170F23DF010100E4D643 /* ImageCell.swift in Sources */,
				6953795223D6346D00BA5F2F /* PopoverLabel.swift in Sources */,
				695461BE257FEE0F007908B5 /* CoreDataManager.swift in Sources */,
				6943187023D5D121002A673A /* DetailedCell.swift in Sources */,
				6972A8C4257FEB5100F6537C /* Category+CoreDataClass.swift in Sources */,
				690EB95723D9AB4A0038320C /* TitleCell.swift in Sources */,
				694E2A0B25838CD3005D96B4 /* ItemViewModel.swift in Sources */,
				69B919C62580D80500760332 /* CategoryPopOverViewController.swift in Sources */,
				6972A8AB257FCF7A00F6537C /* Border.swift in Sources */,
				699B529A23CE145300EAFE33 /* SceneDelegate.swift in Sources */,
				69D010B223D8AE7600DC20C9 /* EmptyCell.swift in Sources */,
				6972A8C6257FEB5100F6537C /* Item+CoreDataClass.swift in Sources */,
				69002AE023CF48B000B1C577 /* CustomTextField.swift in Sources */,
				69C5F6D023D739F7003348E1 /* SelectIconCell.swift in Sources */,
				6972A8C7257FEB5100F6537C /* Item+CoreDataProperties.swift in Sources */,
				6972A8C5257FEB5100F6537C /* Category+CoreDataProperties.swift in Sources */,
				695461C6257FFF46007908B5 /* HomeListViewModel.swift in Sources */,
				697D233123D1FD0D00F9C2C7 /* CollectionHeaderView.swift in Sources */,
				6912171323DF269600E4D643 /* DetailButtonCell.swift in Sources */,
				6972A893257FCD7B00F6537C /* HomeViewController.swift in Sources */,
				697D232F23D1F4F300F9C2C7 /* CategoryCell.swift in Sources */,
			);
			runOnlyForDeploymentPostprocessing = 0;
		};
/* End PBXSourcesBuildPhase section */

/* Begin PBXVariantGroup section */
		699B52A223CE145400EAFE33 /* LaunchScreen.storyboard */ = {
			isa = PBXVariantGroup;
			children = (
				699B52A323CE145400EAFE33 /* Base */,
			);
			name = LaunchScreen.storyboard;
			sourceTree = "<group>";
		};
/* End PBXVariantGroup section */

/* Begin XCBuildConfiguration section */
		699B52A623CE145400EAFE33 /* Debug */ = {
			isa = XCBuildConfiguration;
			buildSettings = {
				ALWAYS_SEARCH_USER_PATHS = NO;
				CLANG_ANALYZER_NONNULL = YES;
				CLANG_ANALYZER_NUMBER_OBJECT_CONVERSION = YES_AGGRESSIVE;
				CLANG_CXX_LANGUAGE_STANDARD = "gnu++14";
				CLANG_CXX_LIBRARY = "libc++";
				CLANG_ENABLE_MODULES = YES;
				CLANG_ENABLE_OBJC_ARC = YES;
				CLANG_ENABLE_OBJC_WEAK = YES;
				CLANG_WARN_BLOCK_CAPTURE_AUTORELEASING = YES;
				CLANG_WARN_BOOL_CONVERSION = YES;
				CLANG_WARN_COMMA = YES;
				CLANG_WARN_CONSTANT_CONVERSION = YES;
				CLANG_WARN_DEPRECATED_OBJC_IMPLEMENTATIONS = YES;
				CLANG_WARN_DIRECT_OBJC_ISA_USAGE = YES_ERROR;
				CLANG_WARN_DOCUMENTATION_COMMENTS = YES;
				CLANG_WARN_EMPTY_BODY = YES;
				CLANG_WARN_ENUM_CONVERSION = YES;
				CLANG_WARN_INFINITE_RECURSION = YES;
				CLANG_WARN_INT_CONVERSION = YES;
				CLANG_WARN_NON_LITERAL_NULL_CONVERSION = YES;
				CLANG_WARN_OBJC_IMPLICIT_RETAIN_SELF = YES;
				CLANG_WARN_OBJC_LITERAL_CONVERSION = YES;
				CLANG_WARN_OBJC_ROOT_CLASS = YES_ERROR;
				CLANG_WARN_RANGE_LOOP_ANALYSIS = YES;
				CLANG_WARN_STRICT_PROTOTYPES = YES;
				CLANG_WARN_SUSPICIOUS_MOVE = YES;
				CLANG_WARN_UNGUARDED_AVAILABILITY = YES_AGGRESSIVE;
				CLANG_WARN_UNREACHABLE_CODE = YES;
				CLANG_WARN__DUPLICATE_METHOD_MATCH = YES;
				COPY_PHASE_STRIP = NO;
				DEBUG_INFORMATION_FORMAT = dwarf;
				ENABLE_STRICT_OBJC_MSGSEND = YES;
				ENABLE_TESTABILITY = YES;
				GCC_C_LANGUAGE_STANDARD = gnu11;
				GCC_DYNAMIC_NO_PIC = NO;
				GCC_NO_COMMON_BLOCKS = YES;
				GCC_OPTIMIZATION_LEVEL = 0;
				GCC_PREPROCESSOR_DEFINITIONS = (
					"DEBUG=1",
					"$(inherited)",
				);
				GCC_WARN_64_TO_32_BIT_CONVERSION = YES;
				GCC_WARN_ABOUT_RETURN_TYPE = YES_ERROR;
				GCC_WARN_UNDECLARED_SELECTOR = YES;
				GCC_WARN_UNINITIALIZED_AUTOS = YES_AGGRESSIVE;
				GCC_WARN_UNUSED_FUNCTION = YES;
				GCC_WARN_UNUSED_VARIABLE = YES;
				IPHONEOS_DEPLOYMENT_TARGET = 13.2;
				MTL_ENABLE_DEBUG_INFO = INCLUDE_SOURCE;
				MTL_FAST_MATH = YES;
				ONLY_ACTIVE_ARCH = YES;
				SDKROOT = iphoneos;
				SWIFT_ACTIVE_COMPILATION_CONDITIONS = DEBUG;
				SWIFT_OPTIMIZATION_LEVEL = "-Onone";
			};
			name = Debug;
		};
		699B52A723CE145400EAFE33 /* Release */ = {
			isa = XCBuildConfiguration;
			buildSettings = {
				ALWAYS_SEARCH_USER_PATHS = NO;
				CLANG_ANALYZER_NONNULL = YES;
				CLANG_ANALYZER_NUMBER_OBJECT_CONVERSION = YES_AGGRESSIVE;
				CLANG_CXX_LANGUAGE_STANDARD = "gnu++14";
				CLANG_CXX_LIBRARY = "libc++";
				CLANG_ENABLE_MODULES = YES;
				CLANG_ENABLE_OBJC_ARC = YES;
				CLANG_ENABLE_OBJC_WEAK = YES;
				CLANG_WARN_BLOCK_CAPTURE_AUTORELEASING = YES;
				CLANG_WARN_BOOL_CONVERSION = YES;
				CLANG_WARN_COMMA = YES;
				CLANG_WARN_CONSTANT_CONVERSION = YES;
				CLANG_WARN_DEPRECATED_OBJC_IMPLEMENTATIONS = YES;
				CLANG_WARN_DIRECT_OBJC_ISA_USAGE = YES_ERROR;
				CLANG_WARN_DOCUMENTATION_COMMENTS = YES;
				CLANG_WARN_EMPTY_BODY = YES;
				CLANG_WARN_ENUM_CONVERSION = YES;
				CLANG_WARN_INFINITE_RECURSION = YES;
				CLANG_WARN_INT_CONVERSION = YES;
				CLANG_WARN_NON_LITERAL_NULL_CONVERSION = YES;
				CLANG_WARN_OBJC_IMPLICIT_RETAIN_SELF = YES;
				CLANG_WARN_OBJC_LITERAL_CONVERSION = YES;
				CLANG_WARN_OBJC_ROOT_CLASS = YES_ERROR;
				CLANG_WARN_RANGE_LOOP_ANALYSIS = YES;
				CLANG_WARN_STRICT_PROTOTYPES = YES;
				CLANG_WARN_SUSPICIOUS_MOVE = YES;
				CLANG_WARN_UNGUARDED_AVAILABILITY = YES_AGGRESSIVE;
				CLANG_WARN_UNREACHABLE_CODE = YES;
				CLANG_WARN__DUPLICATE_METHOD_MATCH = YES;
				COPY_PHASE_STRIP = NO;
				DEBUG_INFORMATION_FORMAT = "dwarf-with-dsym";
				ENABLE_NS_ASSERTIONS = NO;
				ENABLE_STRICT_OBJC_MSGSEND = YES;
				GCC_C_LANGUAGE_STANDARD = gnu11;
				GCC_NO_COMMON_BLOCKS = YES;
				GCC_WARN_64_TO_32_BIT_CONVERSION = YES;
				GCC_WARN_ABOUT_RETURN_TYPE = YES_ERROR;
				GCC_WARN_UNDECLARED_SELECTOR = YES;
				GCC_WARN_UNINITIALIZED_AUTOS = YES_AGGRESSIVE;
				GCC_WARN_UNUSED_FUNCTION = YES;
				GCC_WARN_UNUSED_VARIABLE = YES;
				IPHONEOS_DEPLOYMENT_TARGET = 13.2;
				MTL_ENABLE_DEBUG_INFO = NO;
				MTL_FAST_MATH = YES;
				SDKROOT = iphoneos;
				SWIFT_COMPILATION_MODE = wholemodule;
				SWIFT_OPTIMIZATION_LEVEL = "-O";
				VALIDATE_PRODUCT = YES;
			};
			name = Release;
		};
		699B52A923CE145400EAFE33 /* Debug */ = {
			isa = XCBuildConfiguration;
			buildSettings = {
				ASSETCATALOG_COMPILER_APPICON_NAME = AppIcon;
				CODE_SIGN_STYLE = Automatic;
				DEVELOPMENT_TEAM = 5UGZJE492X;
				INFOPLIST_FILE = "Organizer/Supporting Files/Info.plist";
				IPHONEOS_DEPLOYMENT_TARGET = 13.0;
				LD_RUNPATH_SEARCH_PATHS = (
					"$(inherited)",
					"@executable_path/Frameworks",
				);
				PRODUCT_BUNDLE_IDENTIFIER = oliviermiserez.Organizer;
				PRODUCT_NAME = "$(TARGET_NAME)";
				SWIFT_VERSION = 4.2;
				TARGETED_DEVICE_FAMILY = "1,2";
			};
			name = Debug;
		};
		699B52AA23CE145400EAFE33 /* Release */ = {
			isa = XCBuildConfiguration;
			buildSettings = {
				ASSETCATALOG_COMPILER_APPICON_NAME = AppIcon;
				CODE_SIGN_STYLE = Automatic;
				DEVELOPMENT_TEAM = 5UGZJE492X;
				INFOPLIST_FILE = "Organizer/Supporting Files/Info.plist";
				IPHONEOS_DEPLOYMENT_TARGET = 13.0;
				LD_RUNPATH_SEARCH_PATHS = (
					"$(inherited)",
					"@executable_path/Frameworks",
				);
				PRODUCT_BUNDLE_IDENTIFIER = oliviermiserez.Organizer;
				PRODUCT_NAME = "$(TARGET_NAME)";
				SWIFT_VERSION = 4.2;
				TARGETED_DEVICE_FAMILY = "1,2";
			};
			name = Release;
		};
/* End XCBuildConfiguration section */

/* Begin XCConfigurationList section */
		699B528F23CE145300EAFE33 /* Build configuration list for PBXProject "Organizer" */ = {
			isa = XCConfigurationList;
			buildConfigurations = (
				699B52A623CE145400EAFE33 /* Debug */,
				699B52A723CE145400EAFE33 /* Release */,
			);
			defaultConfigurationIsVisible = 0;
			defaultConfigurationName = Release;
		};
		699B52A823CE145400EAFE33 /* Build configuration list for PBXNativeTarget "Organizer" */ = {
			isa = XCConfigurationList;
			buildConfigurations = (
				699B52A923CE145400EAFE33 /* Debug */,
				699B52AA23CE145400EAFE33 /* Release */,
			);
			defaultConfigurationIsVisible = 0;
			defaultConfigurationName = Release;
		};
/* End XCConfigurationList section */

/* Begin XCVersionGroup section */
		6972A8B1257FD0BB00F6537C /* DataBase.xcdatamodeld */ = {
			isa = XCVersionGroup;
			children = (
				6972A8B2257FD0BB00F6537C /* DataBase.xcdatamodel */,
			);
			currentVersion = 6972A8B2257FD0BB00F6537C /* DataBase.xcdatamodel */;
			path = DataBase.xcdatamodeld;
			sourceTree = "<group>";
			versionGroupType = wrapper.xcdatamodel;
		};
/* End XCVersionGroup section */
	};
	rootObject = 699B528C23CE145300EAFE33 /* Project object */;
}
